// !$*UTF8*$!
{
	archiveVersion = 1;
	classes = {
	};
	objectVersion = 50;
	objects = {

/* Begin PBXBuildFile section */
		843A4FCD2DB9041900BDB847 /* AppDelegate.swift in Sources */ = {isa = PBXBuildFile; fileRef = 843A4FCC2DB9041900BDB847 /* AppDelegate.swift */; };
		843A4FCF2DB9041900BDB847 /* ViewController.swift in Sources */ = {isa = PBXBuildFile; fileRef = 843A4FCE2DB9041900BDB847 /* ViewController.swift */; };
		843A4FD42DB9041A00BDB847 /* Assets.xcassets in Resources */ = {isa = PBXBuildFile; fileRef = 843A4FD32DB9041A00BDB847 /* Assets.xcassets */; };
		843A4FD72DB9041A00BDB847 /* LaunchScreen.storyboard in Resources */ = {isa = PBXBuildFile; fileRef = 843A4FD52DB9041A00BDB847 /* LaunchScreen.storyboard */; };
		843A4FDF2DB9048900BDB847 /* LoginViewController.swift in Sources */ = {isa = PBXBuildFile; fileRef = 843A4FDE2DB9048900BDB847 /* LoginViewController.swift */; };
		843A4FE12DB904B400BDB847 /* FileBrowser.swift in Sources */ = {isa = PBXBuildFile; fileRef = 843A4FE02DB904B400BDB847 /* FileBrowser.swift */; };
		843A4FE32DB912B200BDB847 /* TextViewController.swift in Sources */ = {isa = PBXBuildFile; fileRef = 843A4FE22DB912B200BDB847 /* TextViewController.swift */; };
/* End PBXBuildFile section */

/* Begin PBXFileReference section */
		843A4FC92DB9041900BDB847 /* MyFileBrowser.app */ = {isa = PBXFileReference; explicitFileType = wrapper.application; includeInIndex = 0; path = MyFileBrowser.app; sourceTree = BUILT_PRODUCTS_DIR; };
		843A4FCC2DB9041900BDB847 /* AppDelegate.swift */ = {isa = PBXFileReference; lastKnownFileType = sourcecode.swift; path = AppDelegate.swift; sourceTree = "<group>"; };
		843A4FCE2DB9041900BDB847 /* ViewController.swift */ = {isa = PBXFileReference; lastKnownFileType = sourcecode.swift; path = ViewController.swift; sourceTree = "<group>"; };
		843A4FD32DB9041A00BDB847 /* Assets.xcassets */ = {isa = PBXFileReference; lastKnownFileType = folder.assetcatalog; path = Assets.xcassets; sourceTree = "<group>"; };
		843A4FD62DB9041A00BDB847 /* Base */ = {isa = PBXFileReference; lastKnownFileType = file.storyboard; name = Base; path = Base.lproj/LaunchScreen.storyboard; sourceTree = "<group>"; };
		843A4FD82DB9041A00BDB847 /* Info.plist */ = {isa = PBXFileReference; lastKnownFileType = text.plist.xml; path = Info.plist; sourceTree = "<group>"; };
		843A4FDE2DB9048900BDB847 /* LoginViewController.swift */ = {isa = PBXFileReference; lastKnownFileType = sourcecode.swift; path = LoginViewController.swift; sourceTree = "<group>"; };
		843A4FE02DB904B400BDB847 /* FileBrowser.swift */ = {isa = PBXFileReference; lastKnownFileType = sourcecode.swift; path = FileBrowser.swift; sourceTree = "<group>"; };
		843A4FE22DB912B200BDB847 /* TextViewController.swift */ = {isa = PBXFileReference; lastKnownFileType = sourcecode.swift; path = TextViewController.swift; sourceTree = "<group>"; };
/* End PBXFileReference section */

/* Begin PBXFrameworksBuildPhase section */
		843A4FC62DB9041900BDB847 /* Frameworks */ = {
			isa = PBXFrameworksBuildPhase;
			buildActionMask = 2147483647;
			files = (
			);
			runOnlyForDeploymentPostprocessing = 0;
		};
/* End PBXFrameworksBuildPhase section */

/* Begin PBXGroup section */
		843A4FC02DB9041900BDB847 = {
			isa = PBXGroup;
			children = (
				843A4FCB2DB9041900BDB847 /* MyFileBrowser */,
				843A4FCA2DB9041900BDB847 /* Products */,
			);
			sourceTree = "<group>";
		};
		843A4FCA2DB9041900BDB847 /* Products */ = {
			isa = PBXGroup;
			children = (
				843A4FC92DB9041900BDB847 /* MyFileBrowser.app */,
			);
			name = Products;
			sourceTree = "<group>";
		};
		843A4FCB2DB9041900BDB847 /* MyFileBrowser */ = {
			isa = PBXGroup;
			children = (
				843A4FCC2DB9041900BDB847 /* AppDelegate.swift */,
				843A4FDE2DB9048900BDB847 /* LoginViewController.swift */,
				843A4FE22DB912B200BDB847 /* TextViewController.swift */,
				843A4FE02DB904B400BDB847 /* FileBrowser.swift */,
				843A4FCE2DB9041900BDB847 /* ViewController.swift */,
				843A4FD32DB9041A00BDB847 /* Assets.xcassets */,
				843A4FD52DB9041A00BDB847 /* LaunchScreen.storyboard */,
				843A4FD82DB9041A00BDB847 /* Info.plist */,
			);
			path = MyFileBrowser;
			sourceTree = "<group>";
		};
/* End PBXGroup section */

/* Begin PBXNativeTarget section */
		843A4FC82DB9041900BDB847 /* MyFileBrowser */ = {
			isa = PBXNativeTarget;
			buildConfigurationList = 843A4FDB2DB9041A00BDB847 /* Build configuration list for PBXNativeTarget "MyFileBrowser" */;
			buildPhases = (
				843A4FC52DB9041900BDB847 /* Sources */,
				843A4FC62DB9041900BDB847 /* Frameworks */,
				843A4FC72DB9041900BDB847 /* Resources */,
			);
			buildRules = (
			);
			dependencies = (
			);
			name = MyFileBrowser;
			productName = MyFileBrowser;
			productReference = 843A4FC92DB9041900BDB847 /* MyFileBrowser.app */;
			productType = "com.apple.product-type.application";
		};
/* End PBXNativeTarget section */

/* Begin PBXProject section */
		843A4FC12DB9041900BDB847 /* Project object */ = {
			isa = PBXProject;
			attributes = {
				LastSwiftUpdateCheck = 0940;
				LastUpgradeCheck = 0940;
				ORGANIZATIONNAME = Socrateseduca;
				TargetAttributes = {
					843A4FC82DB9041900BDB847 = {
						CreatedOnToolsVersion = 9.4.1;
					};
				};
			};
			buildConfigurationList = 843A4FC42DB9041900BDB847 /* Build configuration list for PBXProject "MyFileBrowser" */;
			compatibilityVersion = "Xcode 9.3";
			developmentRegion = en;
			hasScannedForEncodings = 0;
			knownRegions = (
				en,
				Base,
			);
			mainGroup = 843A4FC02DB9041900BDB847;
			productRefGroup = 843A4FCA2DB9041900BDB847 /* Products */;
			projectDirPath = "";
			projectRoot = "";
			targets = (
				843A4FC82DB9041900BDB847 /* MyFileBrowser */,
			);
		};
/* End PBXProject section */

/* Begin PBXResourcesBuildPhase section */
		843A4FC72DB9041900BDB847 /* Resources */ = {
			isa = PBXResourcesBuildPhase;
			buildActionMask = 2147483647;
			files = (
				843A4FD72DB9041A00BDB847 /* LaunchScreen.storyboard in Resources */,
				843A4FD42DB9041A00BDB847 /* Assets.xcassets in Resources */,
			);
			runOnlyForDeploymentPostprocessing = 0;
		};
/* End PBXResourcesBuildPhase section */

/* Begin PBXSourcesBuildPhase section */
		843A4FC52DB9041900BDB847 /* Sources */ = {
			isa = PBXSourcesBuildPhase;
			buildActionMask = 2147483647;
			files = (
				843A4FE32DB912B200BDB847 /* TextViewController.swift in Sources */,
				843A4FE12DB904B400BDB847 /* FileBrowser.swift in Sources */,
				843A4FDF2DB9048900BDB847 /* LoginViewController.swift in Sources */,
				843A4FCF2DB9041900BDB847 /* ViewController.swift in Sources */,
				843A4FCD2DB9041900BDB847 /* AppDelegate.swift in Sources */,
			);
			runOnlyForDeploymentPostprocessing = 0;
		};
/* End PBXSourcesBuildPhase section */

/* Begin PBXVariantGroup section */
		843A4FD52DB9041A00BDB847 /* LaunchScreen.storyboard */ = {
			isa = PBXVariantGroup;
			children = (
				843A4FD62DB9041A00BDB847 /* Base */,
			);
			name = LaunchScreen.storyboard;
			sourceTree = "<group>";
		};
/* End PBXVariantGroup section */

/* Begin XCBuildConfiguration section */
		843A4FD92DB9041A00BDB847 /* Debug */ = {
			isa = XCBuildConfiguration;
			buildSettings = {
				ALWAYS_SEARCH_USER_PATHS = NO;
				CLANG_ANALYZER_NONNULL = YES;
				CLANG_ANALYZER_NUMBER_OBJECT_CONVERSION = YES_AGGRESSIVE;
				CLANG_CXX_LANGUAGE_STANDARD = "gnu++14";
				CLANG_CXX_LIBRARY = "libc++";
				CLANG_ENABLE_MODULES = YES;
				CLANG_ENABLE_OBJC_ARC = YES;
				CLANG_ENABLE_OBJC_WEAK = YES;
				CLANG_WARN_BLOCK_CAPTURE_AUTORELEASING = YES;
				CLANG_WARN_BOOL_CONVERSION = YES;
				CLANG_WARN_COMMA = YES;
				CLANG_WARN_CONSTANT_CONVERSION = YES;
				CLANG_WARN_DEPRECATED_OBJC_IMPLEMENTATIONS = YES;
				CLANG_WARN_DIRECT_OBJC_ISA_USAGE = YES_ERROR;
				CLANG_WARN_DOCUMENTATION_COMMENTS = YES;
				CLANG_WARN_EMPTY_BODY = YES;
				CLANG_WARN_ENUM_CONVERSION = YES;
				CLANG_WARN_INFINITE_RECURSION = YES;
				CLANG_WARN_INT_CONVERSION = YES;
				CLANG_WARN_NON_LITERAL_NULL_CONVERSION = YES;
				CLANG_WARN_OBJC_IMPLICIT_RETAIN_SELF = YES;
				CLANG_WARN_OBJC_LITERAL_CONVERSION = YES;
				CLANG_WARN_OBJC_ROOT_CLASS = YES_ERROR;
				CLANG_WARN_RANGE_LOOP_ANALYSIS = YES;
				CLANG_WARN_STRICT_PROTOTYPES = YES;
				CLANG_WARN_SUSPICIOUS_MOVE = YES;
				CLANG_WARN_UNGUARDED_AVAILABILITY = YES_AGGRESSIVE;
				CLANG_WARN_UNREACHABLE_CODE = YES;
				CLANG_WARN__DUPLICATE_METHOD_MATCH = YES;
				CODE_SIGN_IDENTITY = "iPhone Developer";
				COPY_PHASE_STRIP = NO;
				DEBUG_INFORMATION_FORMAT = dwarf;
				ENABLE_STRICT_OBJC_MSGSEND = YES;
				ENABLE_TESTABILITY = YES;
				GCC_C_LANGUAGE_STANDARD = gnu11;
				GCC_DYNAMIC_NO_PIC = NO;
				GCC_NO_COMMON_BLOCKS = YES;
				GCC_OPTIMIZATION_LEVEL = 0;
				GCC_PREPROCESSOR_DEFINITIONS = (
					"DEBUG=1",
					"$(inherited)",
				);
				GCC_WARN_64_TO_32_BIT_CONVERSION = YES;
				GCC_WARN_ABOUT_RETURN_TYPE = YES_ERROR;
				GCC_WARN_UNDECLARED_SELECTOR = YES;
				GCC_WARN_UNINITIALIZED_AUTOS = YES_AGGRESSIVE;
				GCC_WARN_UNUSED_FUNCTION = YES;
				GCC_WARN_UNUSED_VARIABLE = YES;
				IPHONEOS_DEPLOYMENT_TARGET = 11.4;
				MTL_ENABLE_DEBUG_INFO = YES;
				ONLY_ACTIVE_ARCH = YES;
				SDKROOT = iphoneos;
				SWIFT_ACTIVE_COMPILATION_CONDITIONS = DEBUG;
				SWIFT_OPTIMIZATION_LEVEL = "-Onone";
			};
			name = Debug;
		};
		843A4FDA2DB9041A00BDB847 /* Release */ = {
			isa = XCBuildConfiguration;
			buildSettings = {
				ALWAYS_SEARCH_USER_PATHS = NO;
				CLANG_ANALYZER_NONNULL = YES;
				CLANG_ANALYZER_NUMBER_OBJECT_CONVERSION = YES_AGGRESSIVE;
				CLANG_CXX_LANGUAGE_STANDARD = "gnu++14";
				CLANG_CXX_LIBRARY = "libc++";
				CLANG_ENABLE_MODULES = YES;
				CLANG_ENABLE_OBJC_ARC = YES;
				CLANG_ENABLE_OBJC_WEAK = YES;
				CLANG_WARN_BLOCK_CAPTURE_AUTORELEASING = YES;
				CLANG_WARN_BOOL_CONVERSION = YES;
				CLANG_WARN_COMMA = YES;
				CLANG_WARN_CONSTANT_CONVERSION = YES;
				CLANG_WARN_DEPRECATED_OBJC_IMPLEMENTATIONS = YES;
				CLANG_WARN_DIRECT_OBJC_ISA_USAGE = YES_ERROR;
				CLANG_WARN_DOCUMENTATION_COMMENTS = YES;
				CLANG_WARN_EMPTY_BODY = YES;
				CLANG_WARN_ENUM_CONVERSION = YES;
				CLANG_WARN_INFINITE_RECURSION = YES;
				CLANG_WARN_INT_CONVERSION = YES;
				CLANG_WARN_NON_LITERAL_NULL_CONVERSION = YES;
				CLANG_WARN_OBJC_IMPLICIT_RETAIN_SELF = YES;
				CLANG_WARN_OBJC_LITERAL_CONVERSION = YES;
				CLANG_WARN_OBJC_ROOT_CLASS = YES_ERROR;
				CLANG_WARN_RANGE_LOOP_ANALYSIS = YES;
				CLANG_WARN_STRICT_PROTOTYPES = YES;
				CLANG_WARN_SUSPICIOUS_MOVE = YES;
				CLANG_WARN_UNGUARDED_AVAILABILITY = YES_AGGRESSIVE;
				CLANG_WARN_UNREACHABLE_CODE = YES;
				CLANG_WARN__DUPLICATE_METHOD_MATCH = YES;
				CODE_SIGN_IDENTITY = "iPhone Developer";
				COPY_PHASE_STRIP = NO;
				DEBUG_INFORMATION_FORMAT = "dwarf-with-dsym";
				ENABLE_NS_ASSERTIONS = NO;
				ENABLE_STRICT_OBJC_MSGSEND = YES;
				GCC_C_LANGUAGE_STANDARD = gnu11;
				GCC_NO_COMMON_BLOCKS = YES;
				GCC_WARN_64_TO_32_BIT_CONVERSION = YES;
				GCC_WARN_ABOUT_RETURN_TYPE = YES_ERROR;
				GCC_WARN_UNDECLARED_SELECTOR = YES;
				GCC_WARN_UNINITIALIZED_AUTOS = YES_AGGRESSIVE;
				GCC_WARN_UNUSED_FUNCTION = YES;
				GCC_WARN_UNUSED_VARIABLE = YES;
				IPHONEOS_DEPLOYMENT_TARGET = 11.4;
				MTL_ENABLE_DEBUG_INFO = NO;
				SDKROOT = iphoneos;
				SWIFT_COMPILATION_MODE = wholemodule;
				SWIFT_OPTIMIZATION_LEVEL = "-O";
				VALIDATE_PRODUCT = YES;
			};
			name = Release;
		};
		843A4FDC2DB9041A00BDB847 /* Debug */ = {
			isa = XCBuildConfiguration;
			buildSettings = {
				ASSETCATALOG_COMPILER_APPICON_NAME = AppIcon;
				CODE_SIGN_STYLE = Automatic;
				DEVELOPMENT_TEAM = 23YKVXF2R6;
				INFOPLIST_FILE = MyFileBrowser/Info.plist;
				IPHONEOS_DEPLOYMENT_TARGET = 15.0;
				LD_RUNPATH_SEARCH_PATHS = (
					"$(inherited)",
					"@executable_path/Frameworks",
				);
				PRODUCT_BUNDLE_IDENTIFIER = Socrateseduca.MyFileBrowser;
				PRODUCT_NAME = "$(TARGET_NAME)";
				SWIFT_VERSION = 4.0;
				TARGETED_DEVICE_FAMILY = "1,2";
			};
			name = Debug;
		};
		843A4FDD2DB9041A00BDB847 /* Release */ = {
			isa = XCBuildConfiguration;
			buildSettings = {
				ASSETCATALOG_COMPILER_APPICON_NAME = AppIcon;
				CODE_SIGN_STYLE = Automatic;
				DEVELOPMENT_TEAM = 23YKVXF2R6;
				INFOPLIST_FILE = MyFileBrowser/Info.plist;
				IPHONEOS_DEPLOYMENT_TARGET = 15.0;
				LD_RUNPATH_SEARCH_PATHS = (
					"$(inherited)",
					"@executable_path/Frameworks",
				);
				PRODUCT_BUNDLE_IDENTIFIER = Socrateseduca.MyFileBrowser;
				PRODUCT_NAME = "$(TARGET_NAME)";
				SWIFT_VERSION = 4.0;
				TARGETED_DEVICE_FAMILY = "1,2";
			};
			name = Release;
		};
/* End XCBuildConfiguration section */

/* Begin XCConfigurationList section */
		843A4FC42DB9041900BDB847 /* Build configuration list for PBXProject "MyFileBrowser" */ = {
			isa = XCConfigurationList;
			buildConfigurations = (
				843A4FD92DB9041A00BDB847 /* Debug */,
				843A4FDA2DB9041A00BDB847 /* Release */,
			);
			defaultConfigurationIsVisible = 0;
			defaultConfigurationName = Release;
		};
		843A4FDB2DB9041A00BDB847 /* Build configuration list for PBXNativeTarget "MyFileBrowser" */ = {
			isa = XCConfigurationList;
			buildConfigurations = (
				843A4FDC2DB9041A00BDB847 /* Debug */,
				843A4FDD2DB9041A00BDB847 /* Release */,
			);
			defaultConfigurationIsVisible = 0;
			defaultConfigurationName = Release;
		};
/* End XCConfigurationList section */
	};
	rootObject = 843A4FC12DB9041900BDB847 /* Project object */;
}
